
Microsoft Visual Studio Solution File, Format Version 12.00
# Visual Studio 15
VisualStudioVersion = 15.0.27004.2009
MinimumVisualStudioVersion = 10.0.40219.1
Project("{2150E333-8FDC-42A3-9474-1A3956D46DE8}") = "Core", "Core", "{03D4AB79-E66D-442E-A724-2F080A25ED01}"
EndProject
Project("{2150E333-8FDC-42A3-9474-1A3956D46DE8}") = "Standard", "Standard", "{986C0AC5-9328-489E-8B1A-B7D9DF59194B}"
EndProject
Project("{9A19103F-16F7-4668-BE54-9A1E7A4F7556}") = "AssertLib.Core", "Core\AssertLib.Core\AssertLib.Core.csproj", "{D964D4A5-D5E4-4812-BD6A-9D1100A93D42}"
EndProject
Project("{9A19103F-16F7-4668-BE54-9A1E7A4F7556}") = "Tests", "Core\Tests\Tests.csproj", "{167D1516-522B-4B59-9929-688F84F7D0F1}"
EndProject
Project("{FAE04EC0-301F-11D3-BF4B-00C04F79EFBC}") = "AssertLib", "Standard\AssertLib\AssertLib.csproj", "{08FABB31-8D13-49EC-8B59-513A19B76FCB}"
EndProject
Project("{FAE04EC0-301F-11D3-BF4B-00C04F79EFBC}") = "Tests", "Standard\Tests\Tests.csproj", "{4675B1AE-6275-4AE4-9147-AE0D120B0840}"
EndProject
Global
	GlobalSection(SolutionConfigurationPlatforms) = preSolution
		Debug|Any CPU = Debug|Any CPU
		Release|Any CPU = Release|Any CPU
	EndGlobalSection
	GlobalSection(ProjectConfigurationPlatforms) = postSolution
		{D964D4A5-D5E4-4812-BD6A-9D1100A93D42}.Debug|Any CPU.ActiveCfg = Debug|Any CPU
		{D964D4A5-D5E4-4812-BD6A-9D1100A93D42}.Debug|Any CPU.Build.0 = Debug|Any CPU
		{D964D4A5-D5E4-4812-BD6A-9D1100A93D42}.Release|Any CPU.ActiveCfg = Release|Any CPU
		{D964D4A5-D5E4-4812-BD6A-9D1100A93D42}.Release|Any CPU.Build.0 = Release|Any CPU
		{167D1516-522B-4B59-9929-688F84F7D0F1}.Debug|Any CPU.ActiveCfg = Debug|Any CPU
		{167D1516-522B-4B59-9929-688F84F7D0F1}.Debug|Any CPU.Build.0 = Debug|Any CPU
		{167D1516-522B-4B59-9929-688F84F7D0F1}.Release|Any CPU.ActiveCfg = Release|Any CPU
		{167D1516-522B-4B59-9929-688F84F7D0F1}.Release|Any CPU.Build.0 = Release|Any CPU
		{08FABB31-8D13-49EC-8B59-513A19B76FCB}.Debug|Any CPU.ActiveCfg = Debug|Any CPU
		{08FABB31-8D13-49EC-8B59-513A19B76FCB}.Debug|Any CPU.Build.0 = Debug|Any CPU
		{08FABB31-8D13-49EC-8B59-513A19B76FCB}.Release|Any CPU.ActiveCfg = Release|Any CPU
		{08FABB31-8D13-49EC-8B59-513A19B76FCB}.Release|Any CPU.Build.0 = Release|Any CPU
		{4675B1AE-6275-4AE4-9147-AE0D120B0840}.Debug|Any CPU.ActiveCfg = Debug|Any CPU
		{4675B1AE-6275-4AE4-9147-AE0D120B0840}.Debug|Any CPU.Build.0 = Debug|Any CPU
		{4675B1AE-6275-4AE4-9147-AE0D120B0840}.Release|Any CPU.ActiveCfg = Release|Any CPU
		{4675B1AE-6275-4AE4-9147-AE0D120B0840}.Release|Any CPU.Build.0 = Release|Any CPU
	EndGlobalSection
	GlobalSection(SolutionProperties) = preSolution
		HideSolutionNode = FALSE
	EndGlobalSection
	GlobalSection(NestedProjects) = preSolution
		{D964D4A5-D5E4-4812-BD6A-9D1100A93D42} = {03D4AB79-E66D-442E-A724-2F080A25ED01}
		{167D1516-522B-4B59-9929-688F84F7D0F1} = {03D4AB79-E66D-442E-A724-2F080A25ED01}
		{08FABB31-8D13-49EC-8B59-513A19B76FCB} = {986C0AC5-9328-489E-8B1A-B7D9DF59194B}
		{4675B1AE-6275-4AE4-9147-AE0D120B0840} = {986C0AC5-9328-489E-8B1A-B7D9DF59194B}
	EndGlobalSection
	GlobalSection(ExtensibilityGlobals) = postSolution
		SolutionGuid = {3D381B91-9817-4AEF-851D-5E79308BC34A}
	EndGlobalSection
EndGlobal
